# This file is automatically @generated by pesde.
# It is not intended for manual editing.
format = 2
name = "raineyraine/riggi_root"
version = "0.1.0"
target = "lune"

[workspace."raineyraine/riggi_perdere_loader"]
luau = "pkgs/perdere_loader"

[workspace."raineyraine/riggi_plugin"]
roblox = "plugin"
