# This file is automatically @generated by pesde.
# It is not intended for manual editing.
format = 2
name = "raineyraine/riggi_root"
version = "0.1.0"
target = "lune"

[workspace."raineyraine/riggi_perdere_loader"]
roblox = "pkgs/perdere_loader"

[workspace."raineyraine/riggi_plugin"]
roblox = "plugin"

[workspace."raineyraine/riggi_rig_cleaner"]
roblox = "pkgs/rig_cleaner"

[graph."jiwonz/greentea_luau@0.2.0 luau".pkg_ref]
ref_ty = "pesde"
index_url = "https://github.com/pesde-pkg/index"

[graph."jiwonz/luau_disk@0.2.0 luau".pkg_ref]
ref_ty = "pesde"
index_url = "https://github.com/pesde-pkg/index"

[graph."jiwonz/luau_path@0.2.0 luau".dependencies]
luau_disk = ["jiwonz/luau_disk@0.2.0 luau", "standard"]

[graph."jiwonz/luau_path@0.2.0 luau".pkg_ref]
ref_ty = "pesde"
index_url = "https://github.com/pesde-pkg/index"

[graph."jiwonz/luau_path@0.2.0 luau".pkg_ref.dependencies]
luau_disk = [{ name = "jiwonz/luau_disk", version = "^0.2.0", index = "https://github.com/pesde-pkg/index" }, "standard"]

[graph."jiwonz/pathfs@0.6.0 lune"]
direct = ["pathfs", { name = "jiwonz/pathfs", version = "^0.6.0", index = "default" }, "standard"]

[graph."jiwonz/pathfs@0.6.0 lune".dependencies]
greentea = ["jiwonz/greentea_luau@0.2.0 luau", "standard"]
luau_path = ["jiwonz/luau_path@0.2.0 luau", "standard"]

[graph."jiwonz/pathfs@0.6.0 lune".pkg_ref]
ref_ty = "pesde"
index_url = "https://github.com/pesde-pkg/index"

[graph."jiwonz/pathfs@0.6.0 lune".pkg_ref.dependencies]
frktest = [{ name = "itsfrank/frktest", version = "^0.0.4", index = "https://github.com/pesde-pkg/index", target = "luau" }, "dev"]
greentea = [{ name = "jiwonz/greentea_luau", version = "^0.2.0", index = "https://github.com/pesde-pkg/index", target = "luau" }, "standard"]
luau_path = [{ name = "jiwonz/luau_path", version = "^0.2.0", index = "https://github.com/pesde-pkg/index", target = "luau" }, "standard"]
